// !$*UTF8*$!
{
	archiveVersion = 1;
	classes = {
	};
	objectVersion = 56;
	objects = {

/* Begin PBXBuildFile section */
		04C7E42F2CC5948200F893D5 /* Hydrate_appApp.swift in Sources */ = {isa = PBXBuildFile; fileRef = 04C7E42E2CC5948200F893D5 /* Hydrate_appApp.swift */; };
		04C7E4312CC5948200F893D5 /* ContentView.swift in Sources */ = {isa = PBXBuildFile; fileRef = 04C7E4302CC5948200F893D5 /* ContentView.swift */; };
		04C7E4332CC5948400F893D5 /* Assets.xcassets in Resources */ = {isa = PBXBuildFile; fileRef = 04C7E4322CC5948400F893D5 /* Assets.xcassets */; };
		04C7E4362CC5948400F893D5 /* Preview Assets.xcassets in Resources */ = {isa = PBXBuildFile; fileRef = 04C7E4352CC5948400F893D5 /* Preview Assets.xcassets */; };
		04C7E4402CC5948400F893D5 /* Hydrate_appTests.swift in Sources */ = {isa = PBXBuildFile; fileRef = 04C7E43F2CC5948400F893D5 /* Hydrate_appTests.swift */; };
		04C7E44A2CC5948400F893D5 /* Hydrate_appUITests.swift in Sources */ = {isa = PBXBuildFile; fileRef = 04C7E4492CC5948400F893D5 /* Hydrate_appUITests.swift */; };
		04C7E44C2CC5948400F893D5 /* Hydrate_appUITestsLaunchTests.swift in Sources */ = {isa = PBXBuildFile; fileRef = 04C7E44B2CC5948400F893D5 /* Hydrate_appUITestsLaunchTests.swift */; };
		04C7E45C2CC59AB700F893D5 /* NextView.swift in Sources */ = {isa = PBXBuildFile; fileRef = 04C7E45B2CC59AB700F893D5 /* NextView.swift */; };
		04C7E45E2CC5A34000F893D5 /* WaterIntakeView.swift in Sources */ = {isa = PBXBuildFile; fileRef = 04C7E45D2CC5A34000F893D5 /* WaterIntakeView.swift */; };
/* End PBXBuildFile section */

/* Begin PBXContainerItemProxy section */
		04C7E43C2CC5948400F893D5 /* PBXContainerItemProxy */ = {
			isa = PBXContainerItemProxy;
			containerPortal = 04C7E4232CC5948200F893D5 /* Project object */;
			proxyType = 1;
			remoteGlobalIDString = 04C7E42A2CC5948200F893D5;
			remoteInfo = "Hydrate app";
		};
		04C7E4462CC5948400F893D5 /* PBXContainerItemProxy */ = {
			isa = PBXContainerItemProxy;
			containerPortal = 04C7E4232CC5948200F893D5 /* Project object */;
			proxyType = 1;
			remoteGlobalIDString = 04C7E42A2CC5948200F893D5;
			remoteInfo = "Hydrate app";
		};
/* End PBXContainerItemProxy section */

/* Begin PBXFileReference section */
		04C7E42B2CC5948200F893D5 /* Hydrate app.app */ = {isa = PBXFileReference; explicitFileType = wrapper.application; includeInIndex = 0; path = "Hydrate app.app"; sourceTree = BUILT_PRODUCTS_DIR; };
		04C7E42E2CC5948200F893D5 /* Hydrate_appApp.swift */ = {isa = PBXFileReference; lastKnownFileType = sourcecode.swift; path = Hydrate_appApp.swift; sourceTree = "<group>"; };
		04C7E4302CC5948200F893D5 /* ContentView.swift */ = {isa = PBXFileReference; lastKnownFileType = sourcecode.swift; path = ContentView.swift; sourceTree = "<group>"; };
		04C7E4322CC5948400F893D5 /* Assets.xcassets */ = {isa = PBXFileReference; lastKnownFileType = folder.assetcatalog; path = Assets.xcassets; sourceTree = "<group>"; };
		04C7E4352CC5948400F893D5 /* Preview Assets.xcassets */ = {isa = PBXFileReference; lastKnownFileType = folder.assetcatalog; path = "Preview Assets.xcassets"; sourceTree = "<group>"; };
		04C7E43B2CC5948400F893D5 /* Hydrate appTests.xctest */ = {isa = PBXFileReference; explicitFileType = wrapper.cfbundle; includeInIndex = 0; path = "Hydrate appTests.xctest"; sourceTree = BUILT_PRODUCTS_DIR; };
		04C7E43F2CC5948400F893D5 /* Hydrate_appTests.swift */ = {isa = PBXFileReference; lastKnownFileType = sourcecode.swift; path = Hydrate_appTests.swift; sourceTree = "<group>"; };
		04C7E4452CC5948400F893D5 /* Hydrate appUITests.xctest */ = {isa = PBXFileReference; explicitFileType = wrapper.cfbundle; includeInIndex = 0; path = "Hydrate appUITests.xctest"; sourceTree = BUILT_PRODUCTS_DIR; };
		04C7E4492CC5948400F893D5 /* Hydrate_appUITests.swift */ = {isa = PBXFileReference; lastKnownFileType = sourcecode.swift; path = Hydrate_appUITests.swift; sourceTree = "<group>"; };
		04C7E44B2CC5948400F893D5 /* Hydrate_appUITestsLaunchTests.swift */ = {isa = PBXFileReference; lastKnownFileType = sourcecode.swift; path = Hydrate_appUITestsLaunchTests.swift; sourceTree = "<group>"; };
		04C7E45B2CC59AB700F893D5 /* NextView.swift */ = {isa = PBXFileReference; lastKnownFileType = sourcecode.swift; path = NextView.swift; sourceTree = "<group>"; };
		04C7E45D2CC5A34000F893D5 /* WaterIntakeView.swift */ = {isa = PBXFileReference; lastKnownFileType = sourcecode.swift; path = WaterIntakeView.swift; sourceTree = "<group>"; };
/* End PBXFileReference section */

/* Begin PBXFrameworksBuildPhase section */
		04C7E4282CC5948200F893D5 /* Frameworks */ = {
			isa = PBXFrameworksBuildPhase;
			buildActionMask = 2147483647;
			files = (
			);
			runOnlyForDeploymentPostprocessing = 0;
		};
		04C7E4382CC5948400F893D5 /* Frameworks */ = {
			isa = PBXFrameworksBuildPhase;
			buildActionMask = 2147483647;
			files = (
			);
			runOnlyForDeploymentPostprocessing = 0;
		};
		04C7E4422CC5948400F893D5 /* Frameworks */ = {
			isa = PBXFrameworksBuildPhase;
			buildActionMask = 2147483647;
			files = (
			);
			runOnlyForDeploymentPostprocessing = 0;
		};
/* End PBXFrameworksBuildPhase section */

/* Begin PBXGroup section */
		04C7E4222CC5948200F893D5 = {
			isa = PBXGroup;
			children = (
				04C7E42D2CC5948200F893D5 /* Hydrate app */,
				04C7E43E2CC5948400F893D5 /* Hydrate appTests */,
				04C7E4482CC5948400F893D5 /* Hydrate appUITests */,
				04C7E42C2CC5948200F893D5 /* Products */,
			);
			sourceTree = "<group>";
		};
		04C7E42C2CC5948200F893D5 /* Products */ = {
			isa = PBXGroup;
			children = (
				04C7E42B2CC5948200F893D5 /* Hydrate app.app */,
				04C7E43B2CC5948400F893D5 /* Hydrate appTests.xctest */,
				04C7E4452CC5948400F893D5 /* Hydrate appUITests.xctest */,
			);
			name = Products;
			sourceTree = "<group>";
		};
		04C7E42D2CC5948200F893D5 /* Hydrate app */ = {
			isa = PBXGroup;
			children = (
				04C7E42E2CC5948200F893D5 /* Hydrate_appApp.swift */,
				04C7E4302CC5948200F893D5 /* ContentView.swift */,
				04C7E45B2CC59AB700F893D5 /* NextView.swift */,
				04C7E45D2CC5A34000F893D5 /* WaterIntakeView.swift */,
				04C7E4322CC5948400F893D5 /* Assets.xcassets */,
				04C7E4342CC5948400F893D5 /* Preview Content */,
			);
			path = "Hydrate app";
			sourceTree = "<group>";
		};
		04C7E4342CC5948400F893D5 /* Preview Content */ = {
			isa = PBXGroup;
			children = (
				04C7E4352CC5948400F893D5 /* Preview Assets.xcassets */,
			);
			path = "Preview Content";
			sourceTree = "<group>";
		};
		04C7E43E2CC5948400F893D5 /* Hydrate appTests */ = {
			isa = PBXGroup;
			children = (
				04C7E43F2CC5948400F893D5 /* Hydrate_appTests.swift */,
			);
			path = "Hydrate appTests";
			sourceTree = "<group>";
		};
		04C7E4482CC5948400F893D5 /* Hydrate appUITests */ = {
			isa = PBXGroup;
			children = (
				04C7E4492CC5948400F893D5 /* Hydrate_appUITests.swift */,
				04C7E44B2CC5948400F893D5 /* Hydrate_appUITestsLaunchTests.swift */,
			);
			path = "Hydrate appUITests";
			sourceTree = "<group>";
		};
/* End PBXGroup section */

/* Begin PBXNativeTarget section */
		04C7E42A2CC5948200F893D5 /* Hydrate app */ = {
			isa = PBXNativeTarget;
			buildConfigurationList = 04C7E44F2CC5948400F893D5 /* Build configuration list for PBXNativeTarget "Hydrate app" */;
			buildPhases = (
				04C7E4272CC5948200F893D5 /* Sources */,
				04C7E4282CC5948200F893D5 /* Frameworks */,
				04C7E4292CC5948200F893D5 /* Resources */,
			);
			buildRules = (
			);
			dependencies = (
			);
			name = "Hydrate app";
			productName = "Hydrate app";
			productReference = 04C7E42B2CC5948200F893D5 /* Hydrate app.app */;
			productType = "com.apple.product-type.application";
		};
		04C7E43A2CC5948400F893D5 /* Hydrate appTests */ = {
			isa = PBXNativeTarget;
			buildConfigurationList = 04C7E4522CC5948400F893D5 /* Build configuration list for PBXNativeTarget "Hydrate appTests" */;
			buildPhases = (
				04C7E4372CC5948400F893D5 /* Sources */,
				04C7E4382CC5948400F893D5 /* Frameworks */,
				04C7E4392CC5948400F893D5 /* Resources */,
			);
			buildRules = (
			);
			dependencies = (
				04C7E43D2CC5948400F893D5 /* PBXTargetDependency */,
			);
			name = "Hydrate appTests";
			productName = "Hydrate appTests";
			productReference = 04C7E43B2CC5948400F893D5 /* Hydrate appTests.xctest */;
			productType = "com.apple.product-type.bundle.unit-test";
		};
		04C7E4442CC5948400F893D5 /* Hydrate appUITests */ = {
			isa = PBXNativeTarget;
			buildConfigurationList = 04C7E4552CC5948400F893D5 /* Build configuration list for PBXNativeTarget "Hydrate appUITests" */;
			buildPhases = (
				04C7E4412CC5948400F893D5 /* Sources */,
				04C7E4422CC5948400F893D5 /* Frameworks */,
				04C7E4432CC5948400F893D5 /* Resources */,
			);
			buildRules = (
			);
			dependencies = (
				04C7E4472CC5948400F893D5 /* PBXTargetDependency */,
			);
			name = "Hydrate appUITests";
			productName = "Hydrate appUITests";
			productReference = 04C7E4452CC5948400F893D5 /* Hydrate appUITests.xctest */;
			productType = "com.apple.product-type.bundle.ui-testing";
		};
/* End PBXNativeTarget section */

/* Begin PBXProject section */
		04C7E4232CC5948200F893D5 /* Project object */ = {
			isa = PBXProject;
			attributes = {
				BuildIndependentTargetsInParallel = 1;
				LastSwiftUpdateCheck = 1540;
				LastUpgradeCheck = 1540;
				TargetAttributes = {
					04C7E42A2CC5948200F893D5 = {
						CreatedOnToolsVersion = 15.4;
					};
					04C7E43A2CC5948400F893D5 = {
						CreatedOnToolsVersion = 15.4;
						TestTargetID = 04C7E42A2CC5948200F893D5;
					};
					04C7E4442CC5948400F893D5 = {
						CreatedOnToolsVersion = 15.4;
						TestTargetID = 04C7E42A2CC5948200F893D5;
					};
				};
			};
			buildConfigurationList = 04C7E4262CC5948200F893D5 /* Build configuration list for PBXProject "Hydrate app" */;
			compatibilityVersion = "Xcode 14.0";
			developmentRegion = en;
			hasScannedForEncodings = 0;
			knownRegions = (
				en,
				Base,
			);
			mainGroup = 04C7E4222CC5948200F893D5;
			productRefGroup = 04C7E42C2CC5948200F893D5 /* Products */;
			projectDirPath = "";
			projectRoot = "";
			targets = (
				04C7E42A2CC5948200F893D5 /* Hydrate app */,
				04C7E43A2CC5948400F893D5 /* Hydrate appTests */,
				04C7E4442CC5948400F893D5 /* Hydrate appUITests */,
			);
		};
/* End PBXProject section */

/* Begin PBXResourcesBuildPhase section */
		04C7E4292CC5948200F893D5 /* Resources */ = {
			isa = PBXResourcesBuildPhase;
			buildActionMask = 2147483647;
			files = (
				04C7E4362CC5948400F893D5 /* Preview Assets.xcassets in Resources */,
				04C7E4332CC5948400F893D5 /* Assets.xcassets in Resources */,
			);
			runOnlyForDeploymentPostprocessing = 0;
		};
		04C7E4392CC5948400F893D5 /* Resources */ = {
			isa = PBXResourcesBuildPhase;
			buildActionMask = 2147483647;
			files = (
			);
			runOnlyForDeploymentPostprocessing = 0;
		};
		04C7E4432CC5948400F893D5 /* Resources */ = {
			isa = PBXResourcesBuildPhase;
			buildActionMask = 2147483647;
			files = (
			);
			runOnlyForDeploymentPostprocessing = 0;
		};
/* End PBXResourcesBuildPhase section */

/* Begin PBXSourcesBuildPhase section */
		04C7E4272CC5948200F893D5 /* Sources */ = {
			isa = PBXSourcesBuildPhase;
			buildActionMask = 2147483647;
			files = (
				04C7E4312CC5948200F893D5 /* ContentView.swift in Sources */,
				04C7E42F2CC5948200F893D5 /* Hydrate_appApp.swift in Sources */,
				04C7E45E2CC5A34000F893D5 /* WaterIntakeView.swift in Sources */,
				04C7E45C2CC59AB700F893D5 /* NextView.swift in Sources */,
			);
			runOnlyForDeploymentPostprocessing = 0;
		};
		04C7E4372CC5948400F893D5 /* Sources */ = {
			isa = PBXSourcesBuildPhase;
			buildActionMask = 2147483647;
			files = (
				04C7E4402CC5948400F893D5 /* Hydrate_appTests.swift in Sources */,
			);
			runOnlyForDeploymentPostprocessing = 0;
		};
		04C7E4412CC5948400F893D5 /* Sources */ = {
			isa = PBXSourcesBuildPhase;
			buildActionMask = 2147483647;
			files = (
				04C7E44C2CC5948400F893D5 /* Hydrate_appUITestsLaunchTests.swift in Sources */,
				04C7E44A2CC5948400F893D5 /* Hydrate_appUITests.swift in Sources */,
			);
			runOnlyForDeploymentPostprocessing = 0;
		};
/* End PBXSourcesBuildPhase section */

/* Begin PBXTargetDependency section */
		04C7E43D2CC5948400F893D5 /* PBXTargetDependency */ = {
			isa = PBXTargetDependency;
			target = 04C7E42A2CC5948200F893D5 /* Hydrate app */;
			targetProxy = 04C7E43C2CC5948400F893D5 /* PBXContainerItemProxy */;
		};
		04C7E4472CC5948400F893D5 /* PBXTargetDependency */ = {
			isa = PBXTargetDependency;
			target = 04C7E42A2CC5948200F893D5 /* Hydrate app */;
			targetProxy = 04C7E4462CC5948400F893D5 /* PBXContainerItemProxy */;
		};
/* End PBXTargetDependency section */

/* Begin XCBuildConfiguration section */
		04C7E44D2CC5948400F893D5 /* Debug */ = {
			isa = XCBuildConfiguration;
			buildSettings = {
				ALWAYS_SEARCH_USER_PATHS = NO;
				ASSETCATALOG_COMPILER_GENERATE_SWIFT_ASSET_SYMBOL_EXTENSIONS = YES;
				CLANG_ANALYZER_NONNULL = YES;
				CLANG_ANALYZER_NUMBER_OBJECT_CONVERSION = YES_AGGRESSIVE;
				CLANG_CXX_LANGUAGE_STANDARD = "gnu++20";
				CLANG_ENABLE_MODULES = YES;
				CLANG_ENABLE_OBJC_ARC = YES;
				CLANG_ENABLE_OBJC_WEAK = YES;
				CLANG_WARN_BLOCK_CAPTURE_AUTORELEASING = YES;
				CLANG_WARN_BOOL_CONVERSION = YES;
				CLANG_WARN_COMMA = YES;
				CLANG_WARN_CONSTANT_CONVERSION = YES;
				CLANG_WARN_DEPRECATED_OBJC_IMPLEMENTATIONS = YES;
				CLANG_WARN_DIRECT_OBJC_ISA_USAGE = YES_ERROR;
				CLANG_WARN_DOCUMENTATION_COMMENTS = YES;
				CLANG_WARN_EMPTY_BODY = YES;
				CLANG_WARN_ENUM_CONVERSION = YES;
				CLANG_WARN_INFINITE_RECURSION = YES;
				CLANG_WARN_INT_CONVERSION = YES;
				CLANG_WARN_NON_LITERAL_NULL_CONVERSION = YES;
				CLANG_WARN_OBJC_IMPLICIT_RETAIN_SELF = YES;
				CLANG_WARN_OBJC_LITERAL_CONVERSION = YES;
				CLANG_WARN_OBJC_ROOT_CLASS = YES_ERROR;
				CLANG_WARN_QUOTED_INCLUDE_IN_FRAMEWORK_HEADER = YES;
				CLANG_WARN_RANGE_LOOP_ANALYSIS = YES;
				CLANG_WARN_STRICT_PROTOTYPES = YES;
				CLANG_WARN_SUSPICIOUS_MOVE = YES;
				CLANG_WARN_UNGUARDED_AVAILABILITY = YES_AGGRESSIVE;
				CLANG_WARN_UNREACHABLE_CODE = YES;
				CLANG_WARN__DUPLICATE_METHOD_MATCH = YES;
				COPY_PHASE_STRIP = NO;
				DEBUG_INFORMATION_FORMAT = dwarf;
				ENABLE_STRICT_OBJC_MSGSEND = YES;
				ENABLE_TESTABILITY = YES;
				ENABLE_USER_SCRIPT_SANDBOXING = YES;
				GCC_C_LANGUAGE_STANDARD = gnu17;
				GCC_DYNAMIC_NO_PIC = NO;
				GCC_NO_COMMON_BLOCKS = YES;
				GCC_OPTIMIZATION_LEVEL = 0;
				GCC_PREPROCESSOR_DEFINITIONS = (
					"DEBUG=1",
					"$(inherited)",
				);
				GCC_WARN_64_TO_32_BIT_CONVERSION = YES;
				GCC_WARN_ABOUT_RETURN_TYPE = YES_ERROR;
				GCC_WARN_UNDECLARED_SELECTOR = YES;
				GCC_WARN_UNINITIALIZED_AUTOS = YES_AGGRESSIVE;
				GCC_WARN_UNUSED_FUNCTION = YES;
				GCC_WARN_UNUSED_VARIABLE = YES;
				IPHONEOS_DEPLOYMENT_TARGET = 17.5;
				LOCALIZATION_PREFERS_STRING_CATALOGS = YES;
				MTL_ENABLE_DEBUG_INFO = INCLUDE_SOURCE;
				MTL_FAST_MATH = YES;
				ONLY_ACTIVE_ARCH = YES;
				SDKROOT = iphoneos;
				SWIFT_ACTIVE_COMPILATION_CONDITIONS = "DEBUG $(inherited)";
				SWIFT_OPTIMIZATION_LEVEL = "-Onone";
			};
			name = Debug;
		};
		04C7E44E2CC5948400F893D5 /* Release */ = {
			isa = XCBuildConfiguration;
			buildSettings = {
				ALWAYS_SEARCH_USER_PATHS = NO;
				ASSETCATALOG_COMPILER_GENERATE_SWIFT_ASSET_SYMBOL_EXTENSIONS = YES;
				CLANG_ANALYZER_NONNULL = YES;
				CLANG_ANALYZER_NUMBER_OBJECT_CONVERSION = YES_AGGRESSIVE;
				CLANG_CXX_LANGUAGE_STANDARD = "gnu++20";
				CLANG_ENABLE_MODULES = YES;
				CLANG_ENABLE_OBJC_ARC = YES;
				CLANG_ENABLE_OBJC_WEAK = YES;
				CLANG_WARN_BLOCK_CAPTURE_AUTORELEASING = YES;
				CLANG_WARN_BOOL_CONVERSION = YES;
				CLANG_WARN_COMMA = YES;
				CLANG_WARN_CONSTANT_CONVERSION = YES;
				CLANG_WARN_DEPRECATED_OBJC_IMPLEMENTATIONS = YES;
				CLANG_WARN_DIRECT_OBJC_ISA_USAGE = YES_ERROR;
				CLANG_WARN_DOCUMENTATION_COMMENTS = YES;
				CLANG_WARN_EMPTY_BODY = YES;
				CLANG_WARN_ENUM_CONVERSION = YES;
				CLANG_WARN_INFINITE_RECURSION = YES;
				CLANG_WARN_INT_CONVERSION = YES;
				CLANG_WARN_NON_LITERAL_NULL_CONVERSION = YES;
				CLANG_WARN_OBJC_IMPLICIT_RETAIN_SELF = YES;
				CLANG_WARN_OBJC_LITERAL_CONVERSION = YES;
				CLANG_WARN_OBJC_ROOT_CLASS = YES_ERROR;
				CLANG_WARN_QUOTED_INCLUDE_IN_FRAMEWORK_HEADER = YES;
				CLANG_WARN_RANGE_LOOP_ANALYSIS = YES;
				CLANG_WARN_STRICT_PROTOTYPES = YES;
				CLANG_WARN_SUSPICIOUS_MOVE = YES;
				CLANG_WARN_UNGUARDED_AVAILABILITY = YES_AGGRESSIVE;
				CLANG_WARN_UNREACHABLE_CODE = YES;
				CLANG_WARN__DUPLICATE_METHOD_MATCH = YES;
				COPY_PHASE_STRIP = NO;
				DEBUG_INFORMATION_FORMAT = "dwarf-with-dsym";
				ENABLE_NS_ASSERTIONS = NO;
				ENABLE_STRICT_OBJC_MSGSEND = YES;
				ENABLE_USER_SCRIPT_SANDBOXING = YES;
				GCC_C_LANGUAGE_STANDARD = gnu17;
				GCC_NO_COMMON_BLOCKS = YES;
				GCC_WARN_64_TO_32_BIT_CONVERSION = YES;
				GCC_WARN_ABOUT_RETURN_TYPE = YES_ERROR;
				GCC_WARN_UNDECLARED_SELECTOR = YES;
				GCC_WARN_UNINITIALIZED_AUTOS = YES_AGGRESSIVE;
				GCC_WARN_UNUSED_FUNCTION = YES;
				GCC_WARN_UNUSED_VARIABLE = YES;
				IPHONEOS_DEPLOYMENT_TARGET = 17.5;
				LOCALIZATION_PREFERS_STRING_CATALOGS = YES;
				MTL_ENABLE_DEBUG_INFO = NO;
				MTL_FAST_MATH = YES;
				SDKROOT = iphoneos;
				SWIFT_COMPILATION_MODE = wholemodule;
				VALIDATE_PRODUCT = YES;
			};
			name = Release;
		};
		04C7E4502CC5948400F893D5 /* Debug */ = {
			isa = XCBuildConfiguration;
			buildSettings = {
				ASSETCATALOG_COMPILER_APPICON_NAME = AppIcon;
				ASSETCATALOG_COMPILER_GLOBAL_ACCENT_COLOR_NAME = AccentColor;
				CODE_SIGN_STYLE = Automatic;
				CURRENT_PROJECT_VERSION = 1;
				DEVELOPMENT_ASSET_PATHS = "\"Hydrate app/Preview Content\"";
				ENABLE_PREVIEWS = YES;
				GENERATE_INFOPLIST_FILE = YES;
				INFOPLIST_KEY_UIApplicationSceneManifest_Generation = YES;
				INFOPLIST_KEY_UIApplicationSupportsIndirectInputEvents = YES;
				INFOPLIST_KEY_UILaunchScreen_Generation = YES;
				INFOPLIST_KEY_UISupportedInterfaceOrientations_iPad = "UIInterfaceOrientationPortrait UIInterfaceOrientationPortraitUpsideDown UIInterfaceOrientationLandscapeLeft UIInterfaceOrientationLandscapeRight";
				INFOPLIST_KEY_UISupportedInterfaceOrientations_iPhone = "UIInterfaceOrientationPortrait UIInterfaceOrientationLandscapeLeft UIInterfaceOrientationLandscapeRight";
				LD_RUNPATH_SEARCH_PATHS = (
					"$(inherited)",
					"@executable_path/Frameworks",
				);
				MARKETING_VERSION = 1.0;
				PRODUCT_BUNDLE_IDENTIFIER = "com.hy.Hydrate-app";
				PRODUCT_NAME = "$(TARGET_NAME)";
				SWIFT_EMIT_LOC_STRINGS = YES;
				SWIFT_VERSION = 5.0;
				TARGETED_DEVICE_FAMILY = "1,2";
			};
			name = Debug;
		};
		04C7E4512CC5948400F893D5 /* Release */ = {
			isa = XCBuildConfiguration;
			buildSettings = {
				ASSETCATALOG_COMPILER_APPICON_NAME = AppIcon;
				ASSETCATALOG_COMPILER_GLOBAL_ACCENT_COLOR_NAME = AccentColor;
				CODE_SIGN_STYLE = Automatic;
				CURRENT_PROJECT_VERSION = 1;
				DEVELOPMENT_ASSET_PATHS = "\"Hydrate app/Preview Content\"";
				ENABLE_PREVIEWS = YES;
				GENERATE_INFOPLIST_FILE = YES;
				INFOPLIST_KEY_UIApplicationSceneManifest_Generation = YES;
				INFOPLIST_KEY_UIApplicationSupportsIndirectInputEvents = YES;
				INFOPLIST_KEY_UILaunchScreen_Generation = YES;
				INFOPLIST_KEY_UISupportedInterfaceOrientations_iPad = "UIInterfaceOrientationPortrait UIInterfaceOrientationPortraitUpsideDown UIInterfaceOrientationLandscapeLeft UIInterfaceOrientationLandscapeRight";
				INFOPLIST_KEY_UISupportedInterfaceOrientations_iPhone = "UIInterfaceOrientationPortrait UIInterfaceOrientationLandscapeLeft UIInterfaceOrientationLandscapeRight";
				LD_RUNPATH_SEARCH_PATHS = (
					"$(inherited)",
					"@executable_path/Frameworks",
				);
				MARKETING_VERSION = 1.0;
				PRODUCT_BUNDLE_IDENTIFIER = "com.hy.Hydrate-app";
				PRODUCT_NAME = "$(TARGET_NAME)";
				SWIFT_EMIT_LOC_STRINGS = YES;
				SWIFT_VERSION = 5.0;
				TARGETED_DEVICE_FAMILY = "1,2";
			};
			name = Release;
		};
		04C7E4532CC5948400F893D5 /* Debug */ = {
			isa = XCBuildConfiguration;
			buildSettings = {
				ALWAYS_EMBED_SWIFT_STANDARD_LIBRARIES = YES;
				BUNDLE_LOADER = "$(TEST_HOST)";
				CODE_SIGN_STYLE = Automatic;
				CURRENT_PROJECT_VERSION = 1;
				GENERATE_INFOPLIST_FILE = YES;
				IPHONEOS_DEPLOYMENT_TARGET = 17.5;
				MARKETING_VERSION = 1.0;
				PRODUCT_BUNDLE_IDENTIFIER = "com.hy.Hydrate-appTests";
				PRODUCT_NAME = "$(TARGET_NAME)";
				SWIFT_EMIT_LOC_STRINGS = NO;
				SWIFT_VERSION = 5.0;
				TARGETED_DEVICE_FAMILY = "1,2";
				TEST_HOST = "$(BUILT_PRODUCTS_DIR)/Hydrate app.app/$(BUNDLE_EXECUTABLE_FOLDER_PATH)/Hydrate app";
			};
			name = Debug;
		};
		04C7E4542CC5948400F893D5 /* Release */ = {
			isa = XCBuildConfiguration;
			buildSettings = {
				ALWAYS_EMBED_SWIFT_STANDARD_LIBRARIES = YES;
				BUNDLE_LOADER = "$(TEST_HOST)";
				CODE_SIGN_STYLE = Automatic;
				CURRENT_PROJECT_VERSION = 1;
				GENERATE_INFOPLIST_FILE = YES;
				IPHONEOS_DEPLOYMENT_TARGET = 17.5;
				MARKETING_VERSION = 1.0;
				PRODUCT_BUNDLE_IDENTIFIER = "com.hy.Hydrate-appTests";
				PRODUCT_NAME = "$(TARGET_NAME)";
				SWIFT_EMIT_LOC_STRINGS = NO;
				SWIFT_VERSION = 5.0;
				TARGETED_DEVICE_FAMILY = "1,2";
				TEST_HOST = "$(BUILT_PRODUCTS_DIR)/Hydrate app.app/$(BUNDLE_EXECUTABLE_FOLDER_PATH)/Hydrate app";
			};
			name = Release;
		};
		04C7E4562CC5948400F893D5 /* Debug */ = {
			isa = XCBuildConfiguration;
			buildSettings = {
				ALWAYS_EMBED_SWIFT_STANDARD_LIBRARIES = YES;
				CODE_SIGN_STYLE = Automatic;
				CURRENT_PROJECT_VERSION = 1;
				GENERATE_INFOPLIST_FILE = YES;
				MARKETING_VERSION = 1.0;
				PRODUCT_BUNDLE_IDENTIFIER = "com.hy.Hydrate-appUITests";
				PRODUCT_NAME = "$(TARGET_NAME)";
				SWIFT_EMIT_LOC_STRINGS = NO;
				SWIFT_VERSION = 5.0;
				TARGETED_DEVICE_FAMILY = "1,2";
				TEST_TARGET_NAME = "Hydrate app";
			};
			name = Debug;
		};
		04C7E4572CC5948400F893D5 /* Release */ = {
			isa = XCBuildConfiguration;
			buildSettings = {
				ALWAYS_EMBED_SWIFT_STANDARD_LIBRARIES = YES;
				CODE_SIGN_STYLE = Automatic;
				CURRENT_PROJECT_VERSION = 1;
				GENERATE_INFOPLIST_FILE = YES;
				MARKETING_VERSION = 1.0;
				PRODUCT_BUNDLE_IDENTIFIER = "com.hy.Hydrate-appUITests";
				PRODUCT_NAME = "$(TARGET_NAME)";
				SWIFT_EMIT_LOC_STRINGS = NO;
				SWIFT_VERSION = 5.0;
				TARGETED_DEVICE_FAMILY = "1,2";
				TEST_TARGET_NAME = "Hydrate app";
			};
			name = Release;
		};
/* End XCBuildConfiguration section */

/* Begin XCConfigurationList section */
		04C7E4262CC5948200F893D5 /* Build configuration list for PBXProject "Hydrate app" */ = {
			isa = XCConfigurationList;
			buildConfigurations = (
				04C7E44D2CC5948400F893D5 /* Debug */,
				04C7E44E2CC5948400F893D5 /* Release */,
			);
			defaultConfigurationIsVisible = 0;
			defaultConfigurationName = Release;
		};
		04C7E44F2CC5948400F893D5 /* Build configuration list for PBXNativeTarget "Hydrate app" */ = {
			isa = XCConfigurationList;
			buildConfigurations = (
				04C7E4502CC5948400F893D5 /* Debug */,
				04C7E4512CC5948400F893D5 /* Release */,
			);
			defaultConfigurationIsVisible = 0;
			defaultConfigurationName = Release;
		};
		04C7E4522CC5948400F893D5 /* Build configuration list for PBXNativeTarget "Hydrate appTests" */ = {
			isa = XCConfigurationList;
			buildConfigurations = (
				04C7E4532CC5948400F893D5 /* Debug */,
				04C7E4542CC5948400F893D5 /* Release */,
			);
			defaultConfigurationIsVisible = 0;
			defaultConfigurationName = Release;
		};
		04C7E4552CC5948400F893D5 /* Build configuration list for PBXNativeTarget "Hydrate appUITests" */ = {
			isa = XCConfigurationList;
			buildConfigurations = (
				04C7E4562CC5948400F893D5 /* Debug */,
				04C7E4572CC5948400F893D5 /* Release */,
			);
			defaultConfigurationIsVisible = 0;
			defaultConfigurationName = Release;
		};
/* End XCConfigurationList section */
	};
	rootObject = 04C7E4232CC5948200F893D5 /* Project object */;
}
